
Microsoft Visual Studio Solution File, Format Version 12.00
# Visual Studio Version 16
VisualStudioVersion = 16.0.31624.102
MinimumVisualStudioVersion = 10.0.40219.1
Project("{FAE04EC0-301F-11D3-BF4B-00C04F79EFBC}") = "ConnectionStringDAL", "ConnectionStringDAL\ConnectionStringDAL.csproj", "{2B0793E6-9F94-4AE0-97CA-9836E35FFAE9}"
EndProject
Project("{FAE04EC0-301F-11D3-BF4B-00C04F79EFBC}") = "ConnectionStringAPI", "ConnectionStringAPI\ConnectionStringAPI.csproj", "{2130CC40-9C94-4C69-8AD2-15BF21344737}"
EndProject
Global
	GlobalSection(SolutionConfigurationPlatforms) = preSolution
		Debug|Any CPU = Debug|Any CPU
		Release|Any CPU = Release|Any CPU
	EndGlobalSection
	GlobalSection(ProjectConfigurationPlatforms) = postSolution
		{2B0793E6-9F94-4AE0-97CA-9836E35FFAE9}.Debug|Any CPU.ActiveCfg = Debug|Any CPU
		{2B0793E6-9F94-4AE0-97CA-9836E35FFAE9}.Debug|Any CPU.Build.0 = Debug|Any CPU
		{2B0793E6-9F94-4AE0-97CA-9836E35FFAE9}.Release|Any CPU.ActiveCfg = Release|Any CPU
		{2B0793E6-9F94-4AE0-97CA-9836E35FFAE9}.Release|Any CPU.Build.0 = Release|Any CPU
		{2130CC40-9C94-4C69-8AD2-15BF21344737}.Debug|Any CPU.ActiveCfg = Debug|Any CPU
		{2130CC40-9C94-4C69-8AD2-15BF21344737}.Debug|Any CPU.Build.0 = Debug|Any CPU
		{2130CC40-9C94-4C69-8AD2-15BF21344737}.Release|Any CPU.ActiveCfg = Release|Any CPU
		{2130CC40-9C94-4C69-8AD2-15BF21344737}.Release|Any CPU.Build.0 = Release|Any CPU
	EndGlobalSection
	GlobalSection(SolutionProperties) = preSolution
		HideSolutionNode = FALSE
	EndGlobalSection
	GlobalSection(ExtensibilityGlobals) = postSolution
		SolutionGuid = {6F005629-FCA7-40CB-AF76-C2122F78E8BF}
	EndGlobalSection
EndGlobal
